
Microsoft Visual Studio Solution File, Format Version 12.00
# Visual Studio Version 17
VisualStudioVersion = 17.4.33213.308
MinimumVisualStudioVersion = 10.0.40219.1
Project("{2150E333-8FDC-42A3-9474-1A3956D46DE8}") = "src", "src", "{DBB1CC83-82E2-43F9-9F26-127369E36E25}"
EndProject
Project("{2150E333-8FDC-42A3-9474-1A3956D46DE8}") = "API", "API", "{ED5C9AB4-47C2-40FF-A919-25B1E010C635}"
EndProject
Project("{2150E333-8FDC-42A3-9474-1A3956D46DE8}") = "Web.APi", "Web.APi", "{46D72670-D025-4314-8430-2219740B12BA}"
EndProject
Project("{2150E333-8FDC-42A3-9474-1A3956D46DE8}") = "WebFramework", "WebFramework", "{8AA8F848-5C27-49BF-9CEE-B1C547EC2353}"
EndProject
Project("{2150E333-8FDC-42A3-9474-1A3956D46DE8}") = "Core", "Core", "{241C4863-5A3D-45C3-B560-47FE85D033B2}"
EndProject
Project("{2150E333-8FDC-42A3-9474-1A3956D46DE8}") = "Infrastructure", "Infrastructure", "{4E4C69DF-1626-45E6-BDBF-96FE5047FE89}"
EndProject
Project("{2150E333-8FDC-42A3-9474-1A3956D46DE8}") = "Shared", "Shared", "{AE76B0FB-EF6A-49AD-8F2D-BCFA8677DF5E}"
EndProject
Project("{2150E333-8FDC-42A3-9474-1A3956D46DE8}") = "Application", "Application", "{6E089F8F-CB93-496D-AAA6-94C4C94999B5}"
EndProject
Project("{2150E333-8FDC-42A3-9474-1A3956D46DE8}") = "Domain", "Domain", "{7C020834-43D4-4248-AEA8-E59B96AFC957}"
EndProject
Project("{2150E333-8FDC-42A3-9474-1A3956D46DE8}") = "Persistence", "Persistence", "{E7F47871-F169-44BC-B031-A033FD26EC7C}"
EndProject
Project("{2150E333-8FDC-42A3-9474-1A3956D46DE8}") = "Shared.Kernel", "Shared.Kernel", "{6BF07290-077D-4C27-AE82-1E633384798D}"
EndProject
Project("{2150E333-8FDC-42A3-9474-1A3956D46DE8}") = "Test", "Test", "{7BDBEA1C-5B4B-4BED-A2F1-44DD9DEC61F6}"
EndProject
Project("{9A19103F-16F7-4668-BE54-9A1E7A4F7556}") = "AgDataCodingAssignment.Test", "Test\AgDataCodingAssignment.Test\AgDataCodingAssignment.Test.csproj", "{7702E2F2-48F3-43E1-B486-47C73FAFD65D}"
EndProject
Project("{9A19103F-16F7-4668-BE54-9A1E7A4F7556}") = "AgDataCodingAssignment.Web.Api", "src\API\Web.Api\AgDataCodingAssignment.Web.Api.csproj", "{33FB7B66-5F2C-44B0-AF06-1312E749382A}"
EndProject
Project("{9A19103F-16F7-4668-BE54-9A1E7A4F7556}") = "AgDataCodingAssignment.WebFramework", "src\API\WebFramework\AgDataCodingAssignment.WebFramework.csproj", "{38744731-0D63-41BD-B4CE-93AC3A1894AB}"
EndProject
Project("{9A19103F-16F7-4668-BE54-9A1E7A4F7556}") = "AgDataCodingAssignment.Application", "src\Core\Application\AgDataCodingAssignment.Application.csproj", "{6C96F368-B423-4AC8-94DE-7E7247E80340}"
EndProject
Project("{9A19103F-16F7-4668-BE54-9A1E7A4F7556}") = "AgDataCodingAssignment.Domain", "src\Core\Domain\AgDataCodingAssignment.Domain.csproj", "{8463191D-9B92-479F-803B-7B0560870E3A}"
EndProject
Project("{9A19103F-16F7-4668-BE54-9A1E7A4F7556}") = "AgDataCodingAssignment.Persistence", "src\Infrastructure\Persistence\AgDataCodingAssignment.Persistence.csproj", "{8CDE2CD9-40E4-4003-A090-5EE9DACF6772}"
EndProject
Project("{9A19103F-16F7-4668-BE54-9A1E7A4F7556}") = "AgDataCodingAssignment.SharedKernel", "src\Shared\SharedKernel\AgDataCodingAssignment.SharedKernel.csproj", "{55531027-D3CB-44B5-9B92-553AC97C1442}"
EndProject
Global
	GlobalSection(SolutionConfigurationPlatforms) = preSolution
		Debug|Any CPU = Debug|Any CPU
		Release|Any CPU = Release|Any CPU
	EndGlobalSection
	GlobalSection(ProjectConfigurationPlatforms) = postSolution
		{7702E2F2-48F3-43E1-B486-47C73FAFD65D}.Debug|Any CPU.ActiveCfg = Debug|Any CPU
		{7702E2F2-48F3-43E1-B486-47C73FAFD65D}.Debug|Any CPU.Build.0 = Debug|Any CPU
		{7702E2F2-48F3-43E1-B486-47C73FAFD65D}.Release|Any CPU.ActiveCfg = Release|Any CPU
		{7702E2F2-48F3-43E1-B486-47C73FAFD65D}.Release|Any CPU.Build.0 = Release|Any CPU
		{33FB7B66-5F2C-44B0-AF06-1312E749382A}.Debug|Any CPU.ActiveCfg = Debug|Any CPU
		{33FB7B66-5F2C-44B0-AF06-1312E749382A}.Debug|Any CPU.Build.0 = Debug|Any CPU
		{33FB7B66-5F2C-44B0-AF06-1312E749382A}.Release|Any CPU.ActiveCfg = Release|Any CPU
		{33FB7B66-5F2C-44B0-AF06-1312E749382A}.Release|Any CPU.Build.0 = Release|Any CPU
		{38744731-0D63-41BD-B4CE-93AC3A1894AB}.Debug|Any CPU.ActiveCfg = Debug|Any CPU
		{38744731-0D63-41BD-B4CE-93AC3A1894AB}.Debug|Any CPU.Build.0 = Debug|Any CPU
		{38744731-0D63-41BD-B4CE-93AC3A1894AB}.Release|Any CPU.ActiveCfg = Release|Any CPU
		{38744731-0D63-41BD-B4CE-93AC3A1894AB}.Release|Any CPU.Build.0 = Release|Any CPU
		{6C96F368-B423-4AC8-94DE-7E7247E80340}.Debug|Any CPU.ActiveCfg = Debug|Any CPU
		{6C96F368-B423-4AC8-94DE-7E7247E80340}.Debug|Any CPU.Build.0 = Debug|Any CPU
		{6C96F368-B423-4AC8-94DE-7E7247E80340}.Release|Any CPU.ActiveCfg = Release|Any CPU
		{6C96F368-B423-4AC8-94DE-7E7247E80340}.Release|Any CPU.Build.0 = Release|Any CPU
		{8463191D-9B92-479F-803B-7B0560870E3A}.Debug|Any CPU.ActiveCfg = Debug|Any CPU
		{8463191D-9B92-479F-803B-7B0560870E3A}.Debug|Any CPU.Build.0 = Debug|Any CPU
		{8463191D-9B92-479F-803B-7B0560870E3A}.Release|Any CPU.ActiveCfg = Release|Any CPU
		{8463191D-9B92-479F-803B-7B0560870E3A}.Release|Any CPU.Build.0 = Release|Any CPU
		{8CDE2CD9-40E4-4003-A090-5EE9DACF6772}.Debug|Any CPU.ActiveCfg = Debug|Any CPU
		{8CDE2CD9-40E4-4003-A090-5EE9DACF6772}.Debug|Any CPU.Build.0 = Debug|Any CPU
		{8CDE2CD9-40E4-4003-A090-5EE9DACF6772}.Release|Any CPU.ActiveCfg = Release|Any CPU
		{8CDE2CD9-40E4-4003-A090-5EE9DACF6772}.Release|Any CPU.Build.0 = Release|Any CPU
		{55531027-D3CB-44B5-9B92-553AC97C1442}.Debug|Any CPU.ActiveCfg = Debug|Any CPU
		{55531027-D3CB-44B5-9B92-553AC97C1442}.Debug|Any CPU.Build.0 = Debug|Any CPU
		{55531027-D3CB-44B5-9B92-553AC97C1442}.Release|Any CPU.ActiveCfg = Release|Any CPU
		{55531027-D3CB-44B5-9B92-553AC97C1442}.Release|Any CPU.Build.0 = Release|Any CPU
	EndGlobalSection
	GlobalSection(SolutionProperties) = preSolution
		HideSolutionNode = FALSE
	EndGlobalSection
	GlobalSection(NestedProjects) = preSolution
		{ED5C9AB4-47C2-40FF-A919-25B1E010C635} = {DBB1CC83-82E2-43F9-9F26-127369E36E25}
		{46D72670-D025-4314-8430-2219740B12BA} = {ED5C9AB4-47C2-40FF-A919-25B1E010C635}
		{8AA8F848-5C27-49BF-9CEE-B1C547EC2353} = {ED5C9AB4-47C2-40FF-A919-25B1E010C635}
		{241C4863-5A3D-45C3-B560-47FE85D033B2} = {DBB1CC83-82E2-43F9-9F26-127369E36E25}
		{4E4C69DF-1626-45E6-BDBF-96FE5047FE89} = {DBB1CC83-82E2-43F9-9F26-127369E36E25}
		{AE76B0FB-EF6A-49AD-8F2D-BCFA8677DF5E} = {DBB1CC83-82E2-43F9-9F26-127369E36E25}
		{6E089F8F-CB93-496D-AAA6-94C4C94999B5} = {241C4863-5A3D-45C3-B560-47FE85D033B2}
		{7C020834-43D4-4248-AEA8-E59B96AFC957} = {241C4863-5A3D-45C3-B560-47FE85D033B2}
		{E7F47871-F169-44BC-B031-A033FD26EC7C} = {4E4C69DF-1626-45E6-BDBF-96FE5047FE89}
		{6BF07290-077D-4C27-AE82-1E633384798D} = {AE76B0FB-EF6A-49AD-8F2D-BCFA8677DF5E}
		{7702E2F2-48F3-43E1-B486-47C73FAFD65D} = {7BDBEA1C-5B4B-4BED-A2F1-44DD9DEC61F6}
		{33FB7B66-5F2C-44B0-AF06-1312E749382A} = {46D72670-D025-4314-8430-2219740B12BA}
		{38744731-0D63-41BD-B4CE-93AC3A1894AB} = {8AA8F848-5C27-49BF-9CEE-B1C547EC2353}
		{6C96F368-B423-4AC8-94DE-7E7247E80340} = {6E089F8F-CB93-496D-AAA6-94C4C94999B5}
		{8463191D-9B92-479F-803B-7B0560870E3A} = {7C020834-43D4-4248-AEA8-E59B96AFC957}
		{8CDE2CD9-40E4-4003-A090-5EE9DACF6772} = {E7F47871-F169-44BC-B031-A033FD26EC7C}
		{55531027-D3CB-44B5-9B92-553AC97C1442} = {6BF07290-077D-4C27-AE82-1E633384798D}
	EndGlobalSection
	GlobalSection(ExtensibilityGlobals) = postSolution
		SolutionGuid = {94ACE241-6326-409A-B026-A12F102AB3D6}
	EndGlobalSection
EndGlobal
